
Microsoft Visual Studio Solution File, Format Version 12.00
# Visual Studio 15
VisualStudioVersion = 15.0.28307.168
MinimumVisualStudioVersion = 10.0.40219.1
Project("{FAE04EC0-301F-11D3-BF4B-00C04F79EFBC}") = "1003_SomaSimples", "1003_SomaSimples\1003_SomaSimples.csproj", "{7C672D51-3A8C-4EBA-A869-FAD9EEEA152D}"
EndProject
Project("{FAE04EC0-301F-11D3-BF4B-00C04F79EFBC}") = "1004_ProdutoSimples", "1004_ProdutoSimples\1004_ProdutoSimples.csproj", "{CFC8D4A1-3FE7-45CA-A14E-3A62050914B5}"
EndProject
Project("{FAE04EC0-301F-11D3-BF4B-00C04F79EFBC}") = "1005_Media1", "1005_Media1\1005_Media1.csproj", "{15F915E9-4328-4549-99C7-87E40D7AC206}"
EndProject
Project("{FAE04EC0-301F-11D3-BF4B-00C04F79EFBC}") = "1006_Media2", "1006_Media2\1006_Media2.csproj", "{B403F61E-D30E-4153-B97C-CC3E9E033256}"
EndProject
Project("{FAE04EC0-301F-11D3-BF4B-00C04F79EFBC}") = "1007_Diferenca", "1007_Diferenca\1007_Diferenca.csproj", "{32A06F6D-C13E-457B-8965-AF3F95752DCF}"
EndProject
Project("{FAE04EC0-301F-11D3-BF4B-00C04F79EFBC}") = "1008_Salario", "1008_Salario\1008_Salario.csproj", "{59835203-849B-4ED1-A360-D698A66869E3}"
EndProject
Project("{FAE04EC0-301F-11D3-BF4B-00C04F79EFBC}") = "1009_Salario_com_Bonus", "1009_Salario_com_Bonus\1009_Salario_com_Bonus.csproj", "{EE361F7C-DCD1-4029-ADF1-5C99296CD8A8}"
EndProject
Project("{FAE04EC0-301F-11D3-BF4B-00C04F79EFBC}") = "1010_CalculoSimples", "1010_CalculoSimples\1010_CalculoSimples.csproj", "{D8565C98-F6B2-43B2-B1A0-F95EBA7822C6}"
EndProject
Project("{FAE04EC0-301F-11D3-BF4B-00C04F79EFBC}") = "1011_Esfera", "1011_Esfera\1011_Esfera.csproj", "{1E98086F-3292-4E5F-9B40-8FEEB02B9659}"
EndProject
Project("{FAE04EC0-301F-11D3-BF4B-00C04F79EFBC}") = "1012_Area", "1012_Area\1012_Area.csproj", "{5F4D275C-5C0A-45F4-BBA3-FC7B6A7B57A1}"
EndProject
Project("{FAE04EC0-301F-11D3-BF4B-00C04F79EFBC}") = "1013_O_Maior", "1013_O_Maior\1013_O_Maior.csproj", "{49F6A92E-1B7F-43AB-9280-598ECB6093B2}"
EndProject
Project("{FAE04EC0-301F-11D3-BF4B-00C04F79EFBC}") = "1014_Consumo", "1014_Consumo\1014_Consumo.csproj", "{5DB233F0-D4EC-4F7A-86DB-9E40089DA8D6}"
EndProject
Project("{FAE04EC0-301F-11D3-BF4B-00C04F79EFBC}") = "1015_Distancia_Entre_Pontos", "1015_Distancia_Entre_Pontos\1015_Distancia_Entre_Pontos.csproj", "{E837A788-3E1E-4818-877E-21F487304732}"
EndProject
Project("{FAE04EC0-301F-11D3-BF4B-00C04F79EFBC}") = "1016_Distancia", "1016_Distancia\1016_Distancia.csproj", "{55F9F833-C8BD-4EE2-89CF-2796E783F2EF}"
EndProject
Project("{9A19103F-16F7-4668-BE54-9A1E7A4F7556}") = "1001_ExtremamenteBasico", "1001_ExtremamenteBasico\1001_ExtremamenteBasico.csproj", "{0D78D7BB-BA52-4CC9-ABF3-916193E75BF5}"
EndProject
Project("{9A19103F-16F7-4668-BE54-9A1E7A4F7556}") = "1002_AreaCirculo", "1002_AreaCirculo\1002_AreaCirculo.csproj", "{E2A39C31-DE95-4AF9-BB88-124C5E7F9F91}"
EndProject
Project("{9A19103F-16F7-4668-BE54-9A1E7A4F7556}") = "1017_GastoCombustivel", "1017_GastoCombustivel\1017_GastoCombustivel.csproj", "{86AD315C-03E4-49A7-BC87-5ADCE6E2E604}"
EndProject
Project("{9A19103F-16F7-4668-BE54-9A1E7A4F7556}") = "1018_Cedulas", "1018_Cedulas\1018_Cedulas.csproj", "{51713469-CF4F-4FF2-962A-A446200AD73F}"
EndProject
Project("{9A19103F-16F7-4668-BE54-9A1E7A4F7556}") = "1019_ConversaoTempo", "1019_ConversaoTempo\1019_ConversaoTempo.csproj", "{FE79B1F5-62A4-4593-B428-F5B95D1B7E5A}"
EndProject
Project("{9A19103F-16F7-4668-BE54-9A1E7A4F7556}") = "1020_IdadeEmDias", "1020_IdadeEmDias\1020_IdadeEmDias.csproj", "{72274D8D-1ECE-4FB4-9740-232C497E81BD}"
EndProject
Project("{FAE04EC0-301F-11D3-BF4B-00C04F79EFBC}") = "1021_NotasEMoedas", "1021_NotasEMoedas\1021_NotasEMoedas.csproj", "{6C655812-8223-40BB-B428-07E998BE4C46}"
EndProject
Global
	GlobalSection(SolutionConfigurationPlatforms) = preSolution
		Debug|Any CPU = Debug|Any CPU
		Release|Any CPU = Release|Any CPU
	EndGlobalSection
	GlobalSection(ProjectConfigurationPlatforms) = postSolution
		{7C672D51-3A8C-4EBA-A869-FAD9EEEA152D}.Debug|Any CPU.ActiveCfg = Debug|Any CPU
		{7C672D51-3A8C-4EBA-A869-FAD9EEEA152D}.Debug|Any CPU.Build.0 = Debug|Any CPU
		{7C672D51-3A8C-4EBA-A869-FAD9EEEA152D}.Release|Any CPU.ActiveCfg = Release|Any CPU
		{7C672D51-3A8C-4EBA-A869-FAD9EEEA152D}.Release|Any CPU.Build.0 = Release|Any CPU
		{CFC8D4A1-3FE7-45CA-A14E-3A62050914B5}.Debug|Any CPU.ActiveCfg = Debug|Any CPU
		{CFC8D4A1-3FE7-45CA-A14E-3A62050914B5}.Debug|Any CPU.Build.0 = Debug|Any CPU
		{CFC8D4A1-3FE7-45CA-A14E-3A62050914B5}.Release|Any CPU.ActiveCfg = Release|Any CPU
		{CFC8D4A1-3FE7-45CA-A14E-3A62050914B5}.Release|Any CPU.Build.0 = Release|Any CPU
		{15F915E9-4328-4549-99C7-87E40D7AC206}.Debug|Any CPU.ActiveCfg = Debug|Any CPU
		{15F915E9-4328-4549-99C7-87E40D7AC206}.Debug|Any CPU.Build.0 = Debug|Any CPU
		{15F915E9-4328-4549-99C7-87E40D7AC206}.Release|Any CPU.ActiveCfg = Release|Any CPU
		{15F915E9-4328-4549-99C7-87E40D7AC206}.Release|Any CPU.Build.0 = Release|Any CPU
		{B403F61E-D30E-4153-B97C-CC3E9E033256}.Debug|Any CPU.ActiveCfg = Debug|Any CPU
		{B403F61E-D30E-4153-B97C-CC3E9E033256}.Debug|Any CPU.Build.0 = Debug|Any CPU
		{B403F61E-D30E-4153-B97C-CC3E9E033256}.Release|Any CPU.ActiveCfg = Release|Any CPU
		{B403F61E-D30E-4153-B97C-CC3E9E033256}.Release|Any CPU.Build.0 = Release|Any CPU
		{32A06F6D-C13E-457B-8965-AF3F95752DCF}.Debug|Any CPU.ActiveCfg = Debug|Any CPU
		{32A06F6D-C13E-457B-8965-AF3F95752DCF}.Debug|Any CPU.Build.0 = Debug|Any CPU
		{32A06F6D-C13E-457B-8965-AF3F95752DCF}.Release|Any CPU.ActiveCfg = Release|Any CPU
		{32A06F6D-C13E-457B-8965-AF3F95752DCF}.Release|Any CPU.Build.0 = Release|Any CPU
		{59835203-849B-4ED1-A360-D698A66869E3}.Debug|Any CPU.ActiveCfg = Debug|Any CPU
		{59835203-849B-4ED1-A360-D698A66869E3}.Debug|Any CPU.Build.0 = Debug|Any CPU
		{59835203-849B-4ED1-A360-D698A66869E3}.Release|Any CPU.ActiveCfg = Release|Any CPU
		{59835203-849B-4ED1-A360-D698A66869E3}.Release|Any CPU.Build.0 = Release|Any CPU
		{EE361F7C-DCD1-4029-ADF1-5C99296CD8A8}.Debug|Any CPU.ActiveCfg = Debug|Any CPU
		{EE361F7C-DCD1-4029-ADF1-5C99296CD8A8}.Debug|Any CPU.Build.0 = Debug|Any CPU
		{EE361F7C-DCD1-4029-ADF1-5C99296CD8A8}.Release|Any CPU.ActiveCfg = Release|Any CPU
		{EE361F7C-DCD1-4029-ADF1-5C99296CD8A8}.Release|Any CPU.Build.0 = Release|Any CPU
		{D8565C98-F6B2-43B2-B1A0-F95EBA7822C6}.Debug|Any CPU.ActiveCfg = Debug|Any CPU
		{D8565C98-F6B2-43B2-B1A0-F95EBA7822C6}.Debug|Any CPU.Build.0 = Debug|Any CPU
		{D8565C98-F6B2-43B2-B1A0-F95EBA7822C6}.Release|Any CPU.ActiveCfg = Release|Any CPU
		{D8565C98-F6B2-43B2-B1A0-F95EBA7822C6}.Release|Any CPU.Build.0 = Release|Any CPU
		{1E98086F-3292-4E5F-9B40-8FEEB02B9659}.Debug|Any CPU.ActiveCfg = Debug|Any CPU
		{1E98086F-3292-4E5F-9B40-8FEEB02B9659}.Debug|Any CPU.Build.0 = Debug|Any CPU
		{1E98086F-3292-4E5F-9B40-8FEEB02B9659}.Release|Any CPU.ActiveCfg = Release|Any CPU
		{1E98086F-3292-4E5F-9B40-8FEEB02B9659}.Release|Any CPU.Build.0 = Release|Any CPU
		{5F4D275C-5C0A-45F4-BBA3-FC7B6A7B57A1}.Debug|Any CPU.ActiveCfg = Debug|Any CPU
		{5F4D275C-5C0A-45F4-BBA3-FC7B6A7B57A1}.Debug|Any CPU.Build.0 = Debug|Any CPU
		{5F4D275C-5C0A-45F4-BBA3-FC7B6A7B57A1}.Release|Any CPU.ActiveCfg = Release|Any CPU
		{5F4D275C-5C0A-45F4-BBA3-FC7B6A7B57A1}.Release|Any CPU.Build.0 = Release|Any CPU
		{49F6A92E-1B7F-43AB-9280-598ECB6093B2}.Debug|Any CPU.ActiveCfg = Debug|Any CPU
		{49F6A92E-1B7F-43AB-9280-598ECB6093B2}.Debug|Any CPU.Build.0 = Debug|Any CPU
		{49F6A92E-1B7F-43AB-9280-598ECB6093B2}.Release|Any CPU.ActiveCfg = Release|Any CPU
		{49F6A92E-1B7F-43AB-9280-598ECB6093B2}.Release|Any CPU.Build.0 = Release|Any CPU
		{5DB233F0-D4EC-4F7A-86DB-9E40089DA8D6}.Debug|Any CPU.ActiveCfg = Debug|Any CPU
		{5DB233F0-D4EC-4F7A-86DB-9E40089DA8D6}.Debug|Any CPU.Build.0 = Debug|Any CPU
		{5DB233F0-D4EC-4F7A-86DB-9E40089DA8D6}.Release|Any CPU.ActiveCfg = Release|Any CPU
		{5DB233F0-D4EC-4F7A-86DB-9E40089DA8D6}.Release|Any CPU.Build.0 = Release|Any CPU
		{E837A788-3E1E-4818-877E-21F487304732}.Debug|Any CPU.ActiveCfg = Debug|Any CPU
		{E837A788-3E1E-4818-877E-21F487304732}.Debug|Any CPU.Build.0 = Debug|Any CPU
		{E837A788-3E1E-4818-877E-21F487304732}.Release|Any CPU.ActiveCfg = Release|Any CPU
		{E837A788-3E1E-4818-877E-21F487304732}.Release|Any CPU.Build.0 = Release|Any CPU
		{55F9F833-C8BD-4EE2-89CF-2796E783F2EF}.Debug|Any CPU.ActiveCfg = Debug|Any CPU
		{55F9F833-C8BD-4EE2-89CF-2796E783F2EF}.Debug|Any CPU.Build.0 = Debug|Any CPU
		{55F9F833-C8BD-4EE2-89CF-2796E783F2EF}.Release|Any CPU.ActiveCfg = Release|Any CPU
		{55F9F833-C8BD-4EE2-89CF-2796E783F2EF}.Release|Any CPU.Build.0 = Release|Any CPU
		{0D78D7BB-BA52-4CC9-ABF3-916193E75BF5}.Debug|Any CPU.ActiveCfg = Debug|Any CPU
		{0D78D7BB-BA52-4CC9-ABF3-916193E75BF5}.Debug|Any CPU.Build.0 = Debug|Any CPU
		{0D78D7BB-BA52-4CC9-ABF3-916193E75BF5}.Release|Any CPU.ActiveCfg = Release|Any CPU
		{0D78D7BB-BA52-4CC9-ABF3-916193E75BF5}.Release|Any CPU.Build.0 = Release|Any CPU
		{E2A39C31-DE95-4AF9-BB88-124C5E7F9F91}.Debug|Any CPU.ActiveCfg = Debug|Any CPU
		{E2A39C31-DE95-4AF9-BB88-124C5E7F9F91}.Debug|Any CPU.Build.0 = Debug|Any CPU
		{E2A39C31-DE95-4AF9-BB88-124C5E7F9F91}.Release|Any CPU.ActiveCfg = Release|Any CPU
		{E2A39C31-DE95-4AF9-BB88-124C5E7F9F91}.Release|Any CPU.Build.0 = Release|Any CPU
		{86AD315C-03E4-49A7-BC87-5ADCE6E2E604}.Debug|Any CPU.ActiveCfg = Debug|Any CPU
		{86AD315C-03E4-49A7-BC87-5ADCE6E2E604}.Debug|Any CPU.Build.0 = Debug|Any CPU
		{86AD315C-03E4-49A7-BC87-5ADCE6E2E604}.Release|Any CPU.ActiveCfg = Release|Any CPU
		{86AD315C-03E4-49A7-BC87-5ADCE6E2E604}.Release|Any CPU.Build.0 = Release|Any CPU
		{51713469-CF4F-4FF2-962A-A446200AD73F}.Debug|Any CPU.ActiveCfg = Debug|Any CPU
		{51713469-CF4F-4FF2-962A-A446200AD73F}.Debug|Any CPU.Build.0 = Debug|Any CPU
		{51713469-CF4F-4FF2-962A-A446200AD73F}.Release|Any CPU.ActiveCfg = Release|Any CPU
		{51713469-CF4F-4FF2-962A-A446200AD73F}.Release|Any CPU.Build.0 = Release|Any CPU
		{FE79B1F5-62A4-4593-B428-F5B95D1B7E5A}.Debug|Any CPU.ActiveCfg = Debug|Any CPU
		{FE79B1F5-62A4-4593-B428-F5B95D1B7E5A}.Debug|Any CPU.Build.0 = Debug|Any CPU
		{FE79B1F5-62A4-4593-B428-F5B95D1B7E5A}.Release|Any CPU.ActiveCfg = Release|Any CPU
		{FE79B1F5-62A4-4593-B428-F5B95D1B7E5A}.Release|Any CPU.Build.0 = Release|Any CPU
		{72274D8D-1ECE-4FB4-9740-232C497E81BD}.Debug|Any CPU.ActiveCfg = Debug|Any CPU
		{72274D8D-1ECE-4FB4-9740-232C497E81BD}.Debug|Any CPU.Build.0 = Debug|Any CPU
		{72274D8D-1ECE-4FB4-9740-232C497E81BD}.Release|Any CPU.ActiveCfg = Release|Any CPU
		{72274D8D-1ECE-4FB4-9740-232C497E81BD}.Release|Any CPU.Build.0 = Release|Any CPU
		{6C655812-8223-40BB-B428-07E998BE4C46}.Debug|Any CPU.ActiveCfg = Debug|Any CPU
		{6C655812-8223-40BB-B428-07E998BE4C46}.Debug|Any CPU.Build.0 = Debug|Any CPU
		{6C655812-8223-40BB-B428-07E998BE4C46}.Release|Any CPU.ActiveCfg = Release|Any CPU
		{6C655812-8223-40BB-B428-07E998BE4C46}.Release|Any CPU.Build.0 = Release|Any CPU
	EndGlobalSection
	GlobalSection(SolutionProperties) = preSolution
		HideSolutionNode = FALSE
	EndGlobalSection
	GlobalSection(ExtensibilityGlobals) = postSolution
		SolutionGuid = {37D1793E-7F52-4254-BA8A-79B82D765F4C}
	EndGlobalSection
EndGlobal
